
Microsoft Visual Studio Solution File, Format Version 12.00
# Visual Studio Version 17
VisualStudioVersion = 17.5.002.0
MinimumVisualStudioVersion = 10.0.40219.1
Project("{9A19103F-16F7-4668-BE54-9A1E7A4F7556}") = "Colex", "Colex.csproj", "{AAC12BD8-3FE3-40D7-A43C-C2891F9D0DE2}"
EndProject
Global
	GlobalSection(SolutionConfigurationPlatforms) = preSolution
		Debug|Any CPU = Debug|Any CPU
		Release|Any CPU = Release|Any CPU
	EndGlobalSection
	GlobalSection(ProjectConfigurationPlatforms) = postSolution
		{AAC12BD8-3FE3-40D7-A43C-C2891F9D0DE2}.Debug|Any CPU.ActiveCfg = Debug|Any CPU
		{AAC12BD8-3FE3-40D7-A43C-C2891F9D0DE2}.Debug|Any CPU.Build.0 = Debug|Any CPU
		{AAC12BD8-3FE3-40D7-A43C-C2891F9D0DE2}.Release|Any CPU.ActiveCfg = Release|Any CPU
		{AAC12BD8-3FE3-40D7-A43C-C2891F9D0DE2}.Release|Any CPU.Build.0 = Release|Any CPU
	EndGlobalSection
	GlobalSection(SolutionProperties) = preSolution
		HideSolutionNode = FALSE
	EndGlobalSection
	GlobalSection(ExtensibilityGlobals) = postSolution
		SolutionGuid = {2DF538C6-8577-4F5B-B28A-180B8BCD816D}
	EndGlobalSection
EndGlobal
